
Microsoft Visual Studio Solution File, Format Version 12.00
# Visual Studio Version 16
VisualStudioVersion = 16.0.29905.134
MinimumVisualStudioVersion = 10.0.40219.1
Project("{FAE04EC0-301F-11D3-BF4B-00C04F79EFBC}") = "CNWeb", "CNWeb\CNWeb.csproj", "{080A0BEF-3CE6-4691-912E-9294DF88FA52}"
EndProject
Project("{FAE04EC0-301F-11D3-BF4B-00C04F79EFBC}") = "Models", "Models\Models.csproj", "{BD151AEA-001F-4C1A-B6BA-60DCFA67EF2F}"
EndProject
Global
	GlobalSection(SolutionConfigurationPlatforms) = preSolution
		Debug|Any CPU = Debug|Any CPU
		Release|Any CPU = Release|Any CPU
	EndGlobalSection
	GlobalSection(ProjectConfigurationPlatforms) = postSolution
		{080A0BEF-3CE6-4691-912E-9294DF88FA52}.Debug|Any CPU.ActiveCfg = Debug|Any CPU
		{080A0BEF-3CE6-4691-912E-9294DF88FA52}.Debug|Any CPU.Build.0 = Debug|Any CPU
		{080A0BEF-3CE6-4691-912E-9294DF88FA52}.Release|Any CPU.ActiveCfg = Release|Any CPU
		{080A0BEF-3CE6-4691-912E-9294DF88FA52}.Release|Any CPU.Build.0 = Release|Any CPU
		{BD151AEA-001F-4C1A-B6BA-60DCFA67EF2F}.Debug|Any CPU.ActiveCfg = Debug|Any CPU
		{BD151AEA-001F-4C1A-B6BA-60DCFA67EF2F}.Debug|Any CPU.Build.0 = Debug|Any CPU
		{BD151AEA-001F-4C1A-B6BA-60DCFA67EF2F}.Release|Any CPU.ActiveCfg = Release|Any CPU
		{BD151AEA-001F-4C1A-B6BA-60DCFA67EF2F}.Release|Any CPU.Build.0 = Release|Any CPU
	EndGlobalSection
	GlobalSection(SolutionProperties) = preSolution
		HideSolutionNode = FALSE
	EndGlobalSection
	GlobalSection(ExtensibilityGlobals) = postSolution
		SolutionGuid = {717F759B-7999-40F6-AF1A-364EF21CE51F}
	EndGlobalSection
EndGlobal
